# This file is automatically @generated by Poetry 1.8.3 and should not be changed by hand.

[[package]]
name = "anyio"
version = "4.4.0"
description = "High level compatibility layer for multiple asynchronous event loop implementations"
optional = false
python-versions = ">=3.8"
files = [
    {file = "anyio-4.4.0-py3-none-any.whl", hash = "sha256:c1b2d8f46a8a812513012e1107cb0e68c17159a7a594208005a57dc776e1bdc7"},
    {file = "anyio-4.4.0.tar.gz", hash = "sha256:5aadc6a1bbb7cdb0bede386cac5e2940f5e2ff3aa20277e991cf028e0585ce94"},
]

[package.dependencies]
exceptiongroup = {version = ">=1.0.2", markers = "python_version < \"3.11\""}
idna = ">=2.8"
sniffio = ">=1.1"
typing-extensions = {version = ">=4.1", markers = "python_version < \"3.11\""}

[package.extras]
doc = ["Sphinx (>=7)", "packaging", "sphinx-autodoc-typehints (>=1.2.0)", "sphinx-rtd-theme"]
test = ["anyio[trio]", "coverage[toml] (>=7)", "exceptiongroup (>=1.2.0)", "hypothesis (>=4.0)", "psutil (>=5.9)", "pytest (>=7.0)", "pytest-mock (>=3.6.1)", "trustme", "uvloop (>=0.17)"]
trio = ["trio (>=0.23)"]

[[package]]
name = "asgiref"
version = "3.8.1"
description = "ASGI specs, helper code, and adapters"
optional = false
python-versions = ">=3.8"
files = [
    {file = "asgiref-3.8.1-py3-none-any.whl", hash = "sha256:3e1e3ecc849832fe52ccf2cb6686b7a55f82bb1d6aee72a58826471390335e47"},
    {file = "asgiref-3.8.1.tar.gz", hash = "sha256:c343bd80a0bec947a9860adb4c432ffa7db769836c64238fc34bdc3fec84d590"},
]

[package.dependencies]
typing-extensions = {version = ">=4", markers = "python_version < \"3.11\""}

[package.extras]
tests = ["mypy (>=0.800)", "pytest", "pytest-asyncio"]

[[package]]
name = "certifi"
version = "2024.6.2"
description = "Python package for providing Mozilla's CA Bundle."
optional = false
python-versions = ">=3.6"
files = [
    {file = "certifi-2024.6.2-py3-none-any.whl", hash = "sha256:ddc6c8ce995e6987e7faf5e3f1b02b302836a0e5d98ece18392cb1a36c72ad56"},
    {file = "certifi-2024.6.2.tar.gz", hash = "sha256:3cd43f1c6fa7dedc5899d69d3ad0398fd018ad1a17fba83ddaf78aa46c747516"},
]

[[package]]
name = "click"
version = "8.1.7"
description = "Composable command line interface toolkit"
optional = false
python-versions = ">=3.7"
files = [
    {file = "click-8.1.7-py3-none-any.whl", hash = "sha256:ae74fb96c20a0277a1d615f1e4d73c8414f5a98db8b799a7931d1582f3390c28"},
    {file = "click-8.1.7.tar.gz", hash = "sha256:ca9853ad459e787e2192211578cc907e7594e294c7ccc834310722b41b9ca6de"},
]

[package.dependencies]
colorama = {version = "*", markers = "platform_system == \"Windows\""}

[[package]]
name = "colorama"
version = "0.4.6"
description = "Cross-platform colored terminal text."
optional = false
python-versions = "!=3.0.*,!=3.1.*,!=3.2.*,!=3.3.*,!=3.4.*,!=3.5.*,!=3.6.*,>=2.7"
files = [
    {file = "colorama-0.4.6-py2.py3-none-any.whl", hash = "sha256:4f1d9991f5acc0ca119f9d443620b77f9d6b33703e51011c16baf57afb285fc6"},
    {file = "colorama-0.4.6.tar.gz", hash = "sha256:08695f5cb7ed6e0531a20572697297273c47b8cae5a63ffc6d6ed5c201be6e44"},
]

[[package]]
name = "distro"
version = "1.9.0"
description = "Distro - an OS platform information API"
optional = false
python-versions = ">=3.6"
files = [
    {file = "distro-1.9.0-py3-none-any.whl", hash = "sha256:7bffd925d65168f85027d8da9af6bddab658135b840670a223589bc0c8ef02b2"},
    {file = "distro-1.9.0.tar.gz", hash = "sha256:2fa77c6fd8940f116ee1d6b94a2f90b13b5ea8d019b98bc8bafdcabcdd9bdbed"},
]

[[package]]
name = "exceptiongroup"
version = "1.2.1"
description = "Backport of PEP 654 (exception groups)"
optional = false
python-versions = ">=3.7"
files = [
    {file = "exceptiongroup-1.2.1-py3-none-any.whl", hash = "sha256:5258b9ed329c5bbdd31a309f53cbfb0b155341807f6ff7606a1e801a891b29ad"},
    {file = "exceptiongroup-1.2.1.tar.gz", hash = "sha256:a4785e48b045528f5bfe627b6ad554ff32def154f42372786903b7abcfe1aa16"},
]

[package.extras]
test = ["pytest (>=6)"]

[[package]]
name = "fastapi"
version = "0.68.2"
description = "FastAPI framework, high performance, easy to learn, fast to code, ready for production"
optional = false
python-versions = ">=3.6.1"
files = [
    {file = "fastapi-0.68.2-py3-none-any.whl", hash = "sha256:36bcdd3dbea87c586061005e4a40b9bd0145afd766655b4e0ec1d8870b32555c"},
    {file = "fastapi-0.68.2.tar.gz", hash = "sha256:38526fc46bda73f7ec92033952677323c16061e70a91d15c95f18b11895da494"},
]

[package.dependencies]
pydantic = ">=1.6.2,<1.7 || >1.7,<1.7.1 || >1.7.1,<1.7.2 || >1.7.2,<1.7.3 || >1.7.3,<1.8 || >1.8,<1.8.1 || >1.8.1,<2.0.0"
starlette = "0.14.2"

[package.extras]
all = ["aiofiles (>=0.5.0,<0.8.0)", "async_exit_stack (>=1.0.1,<2.0.0)", "async_generator (>=1.10,<2.0.0)", "email_validator (>=1.1.1,<2.0.0)", "graphene (>=2.1.8,<3.0.0)", "itsdangerous (>=1.1.0,<2.0.0)", "jinja2 (>=2.11.2,<3.0.0)", "orjson (>=3.2.1,<4.0.0)", "python-multipart (>=0.0.5,<0.0.6)", "pyyaml (>=5.3.1,<6.0.0)", "requests (>=2.24.0,<3.0.0)", "ujson (>=4.0.1,<5.0.0)", "uvicorn[standard] (>=0.12.0,<0.16.0)"]
dev = ["autoflake (>=1.4.0,<2.0.0)", "flake8 (>=3.8.3,<4.0.0)", "graphene (>=2.1.8,<3.0.0)", "passlib[bcrypt] (>=1.7.2,<2.0.0)", "python-jose[cryptography] (>=3.3.0,<4.0.0)", "uvicorn[standard] (>=0.12.0,<0.16.0)"]
doc = ["mdx-include (>=1.4.1,<2.0.0)", "mkdocs (>=1.1.2,<2.0.0)", "mkdocs-markdownextradata-plugin (>=0.1.7,<0.3.0)", "mkdocs-material (>=7.1.9,<8.0.0)", "pyyaml (>=5.3.1,<6.0.0)", "typer-cli (>=0.0.12,<0.0.13)"]
test = ["aiofiles (>=0.5.0,<0.8.0)", "async_exit_stack (>=1.0.1,<2.0.0)", "async_generator (>=1.10,<2.0.0)", "black (==21.9b0)", "databases[sqlite] (>=0.3.2,<0.6.0)", "email_validator (>=1.1.1,<2.0.0)", "flake8 (>=3.8.3,<4.0.0)", "flask (>=1.1.2,<2.0.0)", "httpx (>=0.14.0,<0.19.0)", "isort (>=5.0.6,<6.0.0)", "mypy (==0.910)", "orjson (>=3.2.1,<4.0.0)", "peewee (>=3.13.3,<4.0.0)", "pytest (>=6.2.4,<7.0.0)", "pytest-asyncio (>=0.14.0,<0.16.0)", "pytest-cov (>=2.12.0,<4.0.0)", "python-multipart (>=0.0.5,<0.0.6)", "requests (>=2.24.0,<3.0.0)", "sqlalchemy (>=1.3.18,<1.5.0)", "types-dataclasses (==0.1.7)", "types-orjson (==3.6.0)", "types-ujson (==0.1.1)", "ujson (>=4.0.1,<5.0.0)"]

[[package]]
name = "h11"
version = "0.14.0"
description = "A pure-Python, bring-your-own-I/O implementation of HTTP/1.1"
optional = false
python-versions = ">=3.7"
files = [
    {file = "h11-0.14.0-py3-none-any.whl", hash = "sha256:e3fe4ac4b851c468cc8363d500db52c2ead036020723024a109d37346efaa761"},
    {file = "h11-0.14.0.tar.gz", hash = "sha256:8f19fbbe99e72420ff35c00b27a34cb9937e902a8b810e2c88300c6f0a3b699d"},
]

[[package]]
name = "httpcore"
version = "1.0.5"
description = "A minimal low-level HTTP client."
optional = false
python-versions = ">=3.8"
files = [
    {file = "httpcore-1.0.5-py3-none-any.whl", hash = "sha256:421f18bac248b25d310f3cacd198d55b8e6125c107797b609ff9b7a6ba7991b5"},
    {file = "httpcore-1.0.5.tar.gz", hash = "sha256:34a38e2f9291467ee3b44e89dd52615370e152954ba21721378a87b2960f7a61"},
]

[package.dependencies]
certifi = "*"
h11 = ">=0.13,<0.15"

[package.extras]
asyncio = ["anyio (>=4.0,<5.0)"]
http2 = ["h2 (>=3,<5)"]
socks = ["socksio (==1.*)"]
trio = ["trio (>=0.22.0,<0.26.0)"]

[[package]]
name = "httpx"
version = "0.27.0"
description = "The next generation HTTP client."
optional = false
python-versions = ">=3.8"
files = [
    {file = "httpx-0.27.0-py3-none-any.whl", hash = "sha256:71d5465162c13681bff01ad59b2cc68dd838ea1f10e51574bac27103f00c91a5"},
    {file = "httpx-0.27.0.tar.gz", hash = "sha256:a0cb88a46f32dc874e04ee956e4c2764aba2aa228f650b06788ba6bda2962ab5"},
]

[package.dependencies]
anyio = "*"
certifi = "*"
httpcore = "==1.*"
idna = "*"
sniffio = "*"

[package.extras]
brotli = ["brotli", "brotlicffi"]
cli = ["click (==8.*)", "pygments (==2.*)", "rich (>=10,<14)"]
http2 = ["h2 (>=3,<5)"]
socks = ["socksio (==1.*)"]

[[package]]
name = "idna"
version = "3.7"
description = "Internationalized Domain Names in Applications (IDNA)"
optional = false
python-versions = ">=3.5"
files = [
    {file = "idna-3.7-py3-none-any.whl", hash = "sha256:82fee1fc78add43492d3a1898bfa6d8a904cc97d8427f683ed8e798d07761aa0"},
    {file = "idna-3.7.tar.gz", hash = "sha256:028ff3aadf0609c1fd278d8ea3089299412a7a8b9bd005dd08b9f8285bcb5cfc"},
]

[[package]]
name = "openai"
version = "1.35.5"
description = "The official Python library for the openai API"
optional = false
python-versions = ">=3.7.1"
files = [
    {file = "openai-1.35.5-py3-none-any.whl", hash = "sha256:28d92503c6e4b6a32a89277b36693023ef41f60922a4b5c8c621e8c5697ae3a6"},
    {file = "openai-1.35.5.tar.gz", hash = "sha256:67ef289ae22d350cbf9381d83ae82c4e3596d71b7ad1cc886143554ee12fe0c9"},
]

[package.dependencies]
anyio = ">=3.5.0,<5"
distro = ">=1.7.0,<2"
httpx = ">=0.23.0,<1"
pydantic = ">=1.9.0,<3"
sniffio = "*"
tqdm = ">4"
typing-extensions = ">=4.7,<5"

[package.extras]
datalib = ["numpy (>=1)", "pandas (>=1.2.3)", "pandas-stubs (>=1.1.0.11)"]

[[package]]
name = "pydantic"
version = "1.10.17"
description = "Data validation and settings management using python type hints"
optional = false
python-versions = ">=3.7"
files = [
    {file = "pydantic-1.10.17-cp310-cp310-macosx_10_9_x86_64.whl", hash = "sha256:0fa51175313cc30097660b10eec8ca55ed08bfa07acbfe02f7a42f6c242e9a4b"},
    {file = "pydantic-1.10.17-cp310-cp310-macosx_11_0_arm64.whl", hash = "sha256:c7e8988bb16988890c985bd2093df9dd731bfb9d5e0860db054c23034fab8f7a"},
    {file = "pydantic-1.10.17-cp310-cp310-manylinux_2_17_x86_64.manylinux2014_x86_64.whl", hash = "sha256:371dcf1831f87c9e217e2b6a0c66842879a14873114ebb9d0861ab22e3b5bb1e"},
    {file = "pydantic-1.10.17-cp310-cp310-manylinux_2_5_i686.manylinux1_i686.manylinux_2_17_i686.manylinux2014_i686.whl", hash = "sha256:4866a1579c0c3ca2c40575398a24d805d4db6cb353ee74df75ddeee3c657f9a7"},
    {file = "pydantic-1.10.17-cp310-cp310-musllinux_1_1_i686.whl", hash = "sha256:543da3c6914795b37785703ffc74ba4d660418620cc273490d42c53949eeeca6"},
    {file = "pydantic-1.10.17-cp310-cp310-musllinux_1_1_x86_64.whl", hash = "sha256:7623b59876f49e61c2e283551cc3647616d2fbdc0b4d36d3d638aae8547ea681"},
    {file = "pydantic-1.10.17-cp310-cp310-win_amd64.whl", hash = "sha256:409b2b36d7d7d19cd8310b97a4ce6b1755ef8bd45b9a2ec5ec2b124db0a0d8f3"},
    {file = "pydantic-1.10.17-cp311-cp311-macosx_10_9_x86_64.whl", hash = "sha256:fa43f362b46741df8f201bf3e7dff3569fa92069bcc7b4a740dea3602e27ab7a"},
    {file = "pydantic-1.10.17-cp311-cp311-macosx_11_0_arm64.whl", hash = "sha256:2a72d2a5ff86a3075ed81ca031eac86923d44bc5d42e719d585a8eb547bf0c9b"},
    {file = "pydantic-1.10.17-cp311-cp311-manylinux_2_17_x86_64.manylinux2014_x86_64.whl", hash = "sha256:b4ad32aed3bf5eea5ca5decc3d1bbc3d0ec5d4fbcd72a03cdad849458decbc63"},
    {file = "pydantic-1.10.17-cp311-cp311-manylinux_2_5_i686.manylinux1_i686.manylinux_2_17_i686.manylinux2014_i686.whl", hash = "sha256:aeb4e741782e236ee7dc1fb11ad94dc56aabaf02d21df0e79e0c21fe07c95741"},
    {file = "pydantic-1.10.17-cp311-cp311-musllinux_1_1_i686.whl", hash = "sha256:d2f89a719411cb234105735a520b7c077158a81e0fe1cb05a79c01fc5eb59d3c"},
    {file = "pydantic-1.10.17-cp311-cp311-musllinux_1_1_x86_64.whl", hash = "sha256:db3b48d9283d80a314f7a682f7acae8422386de659fffaba454b77a083c3937d"},
    {file = "pydantic-1.10.17-cp311-cp311-win_amd64.whl", hash = "sha256:9c803a5113cfab7bbb912f75faa4fc1e4acff43e452c82560349fff64f852e1b"},
    {file = "pydantic-1.10.17-cp312-cp312-macosx_10_9_x86_64.whl", hash = "sha256:820ae12a390c9cbb26bb44913c87fa2ff431a029a785642c1ff11fed0a095fcb"},
    {file = "pydantic-1.10.17-cp312-cp312-macosx_11_0_arm64.whl", hash = "sha256:c1e51d1af306641b7d1574d6d3307eaa10a4991542ca324f0feb134fee259815"},
    {file = "pydantic-1.10.17-cp312-cp312-manylinux_2_17_x86_64.manylinux2014_x86_64.whl", hash = "sha256:9e53fb834aae96e7b0dadd6e92c66e7dd9cdf08965340ed04c16813102a47fab"},
    {file = "pydantic-1.10.17-cp312-cp312-manylinux_2_5_i686.manylinux1_i686.manylinux_2_17_i686.manylinux2014_i686.whl", hash = "sha256:0e2495309b1266e81d259a570dd199916ff34f7f51f1b549a0d37a6d9b17b4dc"},
    {file = "pydantic-1.10.17-cp312-cp312-musllinux_1_1_i686.whl", hash = "sha256:098ad8de840c92ea586bf8efd9e2e90c6339d33ab5c1cfbb85be66e4ecf8213f"},
    {file = "pydantic-1.10.17-cp312-cp312-musllinux_1_1_x86_64.whl", hash = "sha256:525bbef620dac93c430d5d6bdbc91bdb5521698d434adf4434a7ef6ffd5c4b7f"},
    {file = "pydantic-1.10.17-cp312-cp312-win_amd64.whl", hash = "sha256:6654028d1144df451e1da69a670083c27117d493f16cf83da81e1e50edce72ad"},
    {file = "pydantic-1.10.17-cp37-cp37m-macosx_10_9_x86_64.whl", hash = "sha256:c87cedb4680d1614f1d59d13fea353faf3afd41ba5c906a266f3f2e8c245d655"},
    {file = "pydantic-1.10.17-cp37-cp37m-manylinux_2_17_x86_64.manylinux2014_x86_64.whl", hash = "sha256:11289fa895bcbc8f18704efa1d8020bb9a86314da435348f59745473eb042e6b"},
    {file = "pydantic-1.10.17-cp37-cp37m-manylinux_2_5_i686.manylinux1_i686.manylinux_2_17_i686.manylinux2014_i686.whl", hash = "sha256:94833612d6fd18b57c359a127cbfd932d9150c1b72fea7c86ab58c2a77edd7c7"},
    {file = "pydantic-1.10.17-cp37-cp37m-musllinux_1_1_i686.whl", hash = "sha256:d4ecb515fa7cb0e46e163ecd9d52f9147ba57bc3633dca0e586cdb7a232db9e3"},
    {file = "pydantic-1.10.17-cp37-cp37m-musllinux_1_1_x86_64.whl", hash = "sha256:7017971ffa7fd7808146880aa41b266e06c1e6e12261768a28b8b41ba55c8076"},
    {file = "pydantic-1.10.17-cp37-cp37m-win_amd64.whl", hash = "sha256:e840e6b2026920fc3f250ea8ebfdedf6ea7a25b77bf04c6576178e681942ae0f"},
    {file = "pydantic-1.10.17-cp38-cp38-macosx_10_9_x86_64.whl", hash = "sha256:bfbb18b616abc4df70591b8c1ff1b3eabd234ddcddb86b7cac82657ab9017e33"},
    {file = "pydantic-1.10.17-cp38-cp38-macosx_11_0_arm64.whl", hash = "sha256:ebb249096d873593e014535ab07145498957091aa6ae92759a32d40cb9998e2e"},
    {file = "pydantic-1.10.17-cp38-cp38-manylinux_2_17_x86_64.manylinux2014_x86_64.whl", hash = "sha256:d8c209af63ccd7b22fba94b9024e8b7fd07feffee0001efae50dd99316b27768"},
    {file = "pydantic-1.10.17-cp38-cp38-manylinux_2_5_i686.manylinux1_i686.manylinux_2_17_i686.manylinux2014_i686.whl", hash = "sha256:d4b40c9e13a0b61583e5599e7950490c700297b4a375b55b2b592774332798b7"},
    {file = "pydantic-1.10.17-cp38-cp38-musllinux_1_1_i686.whl", hash = "sha256:c31d281c7485223caf6474fc2b7cf21456289dbaa31401844069b77160cab9c7"},
    {file = "pydantic-1.10.17-cp38-cp38-musllinux_1_1_x86_64.whl", hash = "sha256:ae5184e99a060a5c80010a2d53c99aee76a3b0ad683d493e5f0620b5d86eeb75"},
    {file = "pydantic-1.10.17-cp38-cp38-win_amd64.whl", hash = "sha256:ad1e33dc6b9787a6f0f3fd132859aa75626528b49cc1f9e429cdacb2608ad5f0"},
    {file = "pydantic-1.10.17-cp39-cp39-macosx_10_9_x86_64.whl", hash = "sha256:7e17c0ee7192e54a10943f245dc79e36d9fe282418ea05b886e1c666063a7b54"},
    {file = "pydantic-1.10.17-cp39-cp39-macosx_11_0_arm64.whl", hash = "sha256:cafb9c938f61d1b182dfc7d44a7021326547b7b9cf695db5b68ec7b590214773"},
    {file = "pydantic-1.10.17-cp39-cp39-manylinux_2_17_x86_64.manylinux2014_x86_64.whl", hash = "sha256:95ef534e3c22e5abbdbdd6f66b6ea9dac3ca3e34c5c632894f8625d13d084cbe"},
    {file = "pydantic-1.10.17-cp39-cp39-manylinux_2_5_i686.manylinux1_i686.manylinux_2_17_i686.manylinux2014_i686.whl", hash = "sha256:62d96b8799ae3d782df7ec9615cb59fc32c32e1ed6afa1b231b0595f6516e8ab"},
    {file = "pydantic-1.10.17-cp39-cp39-musllinux_1_1_i686.whl", hash = "sha256:ab2f976336808fd5d539fdc26eb51f9aafc1f4b638e212ef6b6f05e753c8011d"},
    {file = "pydantic-1.10.17-cp39-cp39-musllinux_1_1_x86_64.whl", hash = "sha256:b8ad363330557beac73159acfbeed220d5f1bfcd6b930302a987a375e02f74fd"},
    {file = "pydantic-1.10.17-cp39-cp39-win_amd64.whl", hash = "sha256:48db882e48575ce4b39659558b2f9f37c25b8d348e37a2b4e32971dd5a7d6227"},
    {file = "pydantic-1.10.17-py3-none-any.whl", hash = "sha256:e41b5b973e5c64f674b3b4720286ded184dcc26a691dd55f34391c62c6934688"},
    {file = "pydantic-1.10.17.tar.gz", hash = "sha256:f434160fb14b353caf634149baaf847206406471ba70e64657c1e8330277a991"},
]

[package.dependencies]
typing-extensions = ">=4.2.0"

[package.extras]
dotenv = ["python-dotenv (>=0.10.4)"]
email = ["email-validator (>=1.0.3)"]

[[package]]
name = "python-dotenv"
version = "0.19.2"
description = "Read key-value pairs from a .env file and set them as environment variables"
optional = false
python-versions = ">=3.5"
files = [
    {file = "python-dotenv-0.19.2.tar.gz", hash = "sha256:a5de49a31e953b45ff2d2fd434bbc2670e8db5273606c1e737cc6b93eff3655f"},
    {file = "python_dotenv-0.19.2-py2.py3-none-any.whl", hash = "sha256:32b2bdc1873fd3a3c346da1c6db83d0053c3c62f28f1f38516070c4c8971b1d3"},
]

[package.extras]
cli = ["click (>=5.0)"]

[[package]]
name = "sniffio"
version = "1.3.1"
description = "Sniff out which async library your code is running under"
optional = false
python-versions = ">=3.7"
files = [
    {file = "sniffio-1.3.1-py3-none-any.whl", hash = "sha256:2f6da418d1f1e0fddd844478f41680e794e6051915791a034ff65e5f100525a2"},
    {file = "sniffio-1.3.1.tar.gz", hash = "sha256:f4324edc670a0f49750a81b895f35c3adb843cca46f0530f79fc1babb23789dc"},
]

[[package]]
name = "starlette"
version = "0.14.2"
description = "The little ASGI library that shines."
optional = false
python-versions = ">=3.6"
files = [
    {file = "starlette-0.14.2-py3-none-any.whl", hash = "sha256:3c8e48e52736b3161e34c9f0e8153b4f32ec5d8995a3ee1d59410d92f75162ed"},
    {file = "starlette-0.14.2.tar.gz", hash = "sha256:7d49f4a27f8742262ef1470608c59ddbc66baf37c148e938c7038e6bc7a998aa"},
]

[package.extras]
full = ["aiofiles", "graphene", "itsdangerous", "jinja2", "python-multipart", "pyyaml", "requests"]

[[package]]
name = "tqdm"
version = "4.66.4"
description = "Fast, Extensible Progress Meter"
optional = false
python-versions = ">=3.7"
files = [
    {file = "tqdm-4.66.4-py3-none-any.whl", hash = "sha256:b75ca56b413b030bc3f00af51fd2c1a1a5eac6a0c1cca83cbb37a5c52abce644"},
    {file = "tqdm-4.66.4.tar.gz", hash = "sha256:e4d936c9de8727928f3be6079590e97d9abfe8d39a590be678eb5919ffc186bb"},
]

[package.dependencies]
colorama = {version = "*", markers = "platform_system == \"Windows\""}

[package.extras]
dev = ["pytest (>=6)", "pytest-cov", "pytest-timeout", "pytest-xdist"]
notebook = ["ipywidgets (>=6)"]
slack = ["slack-sdk"]
telegram = ["requests"]

[[package]]
name = "typing-extensions"
version = "4.12.2"
description = "Backported and Experimental Type Hints for Python 3.8+"
optional = false
python-versions = ">=3.8"
files = [
    {file = "typing_extensions-4.12.2-py3-none-any.whl", hash = "sha256:04e5ca0351e0f3f85c6853954072df659d0d13fac324d0072316b67d7794700d"},
    {file = "typing_extensions-4.12.2.tar.gz", hash = "sha256:1a7ead55c7e559dd4dee8856e3a88b41225abfe1ce8df57b7c13915fe121ffb8"},
]

[[package]]
name = "uvicorn"
version = "0.15.0"
description = "The lightning-fast ASGI server."
optional = false
python-versions = "*"
files = [
    {file = "uvicorn-0.15.0-py3-none-any.whl", hash = "sha256:17f898c64c71a2640514d4089da2689e5db1ce5d4086c2d53699bf99513421c1"},
    {file = "uvicorn-0.15.0.tar.gz", hash = "sha256:d9a3c0dd1ca86728d3e235182683b4cf94cd53a867c288eaeca80ee781b2caff"},
]

[package.dependencies]
asgiref = ">=3.4.0"
click = ">=7.0"
h11 = ">=0.8"

[package.extras]
standard = ["PyYAML (>=5.1)", "colorama (>=0.4)", "httptools (==0.2.*)", "python-dotenv (>=0.13)", "uvloop (>=0.14.0,!=0.15.0,!=0.15.1)", "watchgod (>=0.6)", "websockets (>=9.1)"]

[metadata]
lock-version = "2.0"
python-versions = "^3.8"
content-hash = "c5e3e7124afe7f6100cd8e9d60bf2687b157a900728c9630860001dfd3520e13"
